{
  "name": "infinite_games",
  "lockfileVersion": 3,
  "requires": true,
  "packages": {
    "": {
      "name": "infinite_games",
      "dependencies": {
        "@forge-ml/client": "^0.1.10",
        "zod": "^3.23.8"
      },
      "devDependencies": {
        "@types/bun": "latest"
      },
      "peerDependencies": {
        "typescript": "^5.0.0"
      }
    },
    "node_modules/@forge-ml/client": {
      "version": "0.1.10",
      "resolved": "https://registry.npmjs.org/@forge-ml/client/-/client-0.1.10.tgz",
      "integrity": "sha512-HiauUYSMh0auXfXUNNw11ME6jG55ujDCRFfg4ATmtqsty6w7OUr/YY8colrzN68VgljrhMKefudDCQpcgefHUg==",
      "hasInstallScript": true
    },
    "node_modules/@types/bun": {
      "version": "1.1.6",
      "resolved": "https://registry.npmjs.org/@types/bun/-/bun-1.1.6.tgz",
      "integrity": "sha512-uJgKjTdX0GkWEHZzQzFsJkWp5+43ZS7HC8sZPFnOwnSo1AsNl2q9o2bFeS23disNDqbggEgyFkKCHl/w8iZsMA==",
      "dev": true,
      "dependencies": {
        "bun-types": "1.1.17"
      }
    },
    "node_modules/@types/node": {
      "version": "20.12.14",
      "dev": true,
      "license": "MIT",
      "dependencies": {
        "undici-types": "~5.26.4"
      }
    },
    "node_modules/@types/ws": {
      "version": "8.5.11",
      "dev": true,
      "license": "MIT",
      "dependencies": {
        "@types/node": "*"
      }
    },
    "node_modules/bun-types": {
      "version": "1.1.17",
      "dev": true,
      "license": "MIT",
      "dependencies": {
        "@types/node": "~20.12.8",
        "@types/ws": "~8.5.10"
      }
    },
    "node_modules/typescript": {
      "version": "5.5.4",
      "license": "Apache-2.0",
      "peer": true,
      "bin": {
        "tsc": "bin/tsc",
        "tsserver": "bin/tsserver"
      },
      "engines": {
        "node": ">=14.17"
      }
    },
    "node_modules/undici-types": {
      "version": "5.26.5",
      "dev": true,
      "license": "MIT"
    },
    "node_modules/zod": {
      "version": "3.23.8",
      "resolved": "https://registry.npmjs.org/zod/-/zod-3.23.8.tgz",
      "integrity": "sha512-XBx9AXhXktjUqnepgTiE5flcKIYWi/rme0Eaj+5Y0lftuGBq+jyRu/md4WnuxqgP1ubdpNCsYEYPxrzVHD8d6g==",
      "funding": {
        "url": "https://github.com/sponsors/colinhacks"
      }
    }
  }
}
